
Microsoft Visual Studio Solution File, Format Version 12.00
# Visual Studio Version 16
VisualStudioVersion = 16.0.29403.142
MinimumVisualStudioVersion = 10.0.40219.1
Project("{FAE04EC0-301F-11D3-BF4B-00C04F79EFBC}") = "PerfectSequence", "PerfectSequence\PerfectSequence.csproj", "{F1B0E66E-7E78-40F8-A745-6BB6A8D29A11}"
EndProject
Global
	GlobalSection(SolutionConfigurationPlatforms) = preSolution
		Debug|Any CPU = Debug|Any CPU
		Release|Any CPU = Release|Any CPU
	EndGlobalSection
	GlobalSection(ProjectConfigurationPlatforms) = postSolution
		{F1B0E66E-7E78-40F8-A745-6BB6A8D29A11}.Debug|Any CPU.ActiveCfg = Debug|Any CPU
		{F1B0E66E-7E78-40F8-A745-6BB6A8D29A11}.Debug|Any CPU.Build.0 = Debug|Any CPU
		{F1B0E66E-7E78-40F8-A745-6BB6A8D29A11}.Release|Any CPU.ActiveCfg = Release|Any CPU
		{F1B0E66E-7E78-40F8-A745-6BB6A8D29A11}.Release|Any CPU.Build.0 = Release|Any CPU
	EndGlobalSection
	GlobalSection(SolutionProperties) = preSolution
		HideSolutionNode = FALSE
	EndGlobalSection
	GlobalSection(ExtensibilityGlobals) = postSolution
		SolutionGuid = {B09068A2-DDE9-444C-9678-501D21EA47C7}
	EndGlobalSection
EndGlobal
